
Microsoft Visual Studio Solution File, Format Version 10.00
# Visual Studio 2008
Project("{FAE04EC0-301F-11D3-BF4B-00C04F79EFBC}") = "KingsburgCore", "KingsburgCore\KingsburgCore.csproj", "{EF97E080-E271-4C1C-AC94-5601EA379D64}"
EndProject
Project("{FAE04EC0-301F-11D3-BF4B-00C04F79EFBC}") = "GameToolKit", "GameToolkit\GameToolKit.csproj", "{D705BB26-E0FD-4470-8EA9-5B93C3BE72CF}"
EndProject
Project("{FAE04EC0-301F-11D3-BF4B-00C04F79EFBC}") = "KingsburgWindows", "KingsburgWindows\KingsburgWindows.csproj", "{C9411B2B-E809-4489-BC06-5712DB6BC132}"
EndProject
Project("{FAE04EC0-301F-11D3-BF4B-00C04F79EFBC}") = "KingsburgWinForms", "KingsburgWinForms\KingsburgWinForms.csproj", "{1435FA32-819C-4C77-AC3E-3368C6B6D298}"
EndProject
Project("{FAE04EC0-301F-11D3-BF4B-00C04F79EFBC}") = "KingsburgXNA", "KingsburgXNA\KingsburgXNA.csproj", "{F44169B0-9CA9-47DB-BD1E-1EDC5E21E2BC}"
EndProject
Global
	GlobalSection(SolutionConfigurationPlatforms) = preSolution
		Debug|Any CPU = Debug|Any CPU
		Debug|Mixed Platforms = Debug|Mixed Platforms
		Debug|x86 = Debug|x86
		Release|Any CPU = Release|Any CPU
		Release|Mixed Platforms = Release|Mixed Platforms
		Release|x86 = Release|x86
	EndGlobalSection
	GlobalSection(ProjectConfigurationPlatforms) = postSolution
		{EF97E080-E271-4C1C-AC94-5601EA379D64}.Debug|Any CPU.ActiveCfg = Debug|Any CPU
		{EF97E080-E271-4C1C-AC94-5601EA379D64}.Debug|Any CPU.Build.0 = Debug|Any CPU
		{EF97E080-E271-4C1C-AC94-5601EA379D64}.Debug|Mixed Platforms.ActiveCfg = Debug|Any CPU
		{EF97E080-E271-4C1C-AC94-5601EA379D64}.Debug|Mixed Platforms.Build.0 = Debug|Any CPU
		{EF97E080-E271-4C1C-AC94-5601EA379D64}.Debug|x86.ActiveCfg = Debug|Any CPU
		{EF97E080-E271-4C1C-AC94-5601EA379D64}.Release|Any CPU.ActiveCfg = Release|Any CPU
		{EF97E080-E271-4C1C-AC94-5601EA379D64}.Release|Any CPU.Build.0 = Release|Any CPU
		{EF97E080-E271-4C1C-AC94-5601EA379D64}.Release|Mixed Platforms.ActiveCfg = Release|Any CPU
		{EF97E080-E271-4C1C-AC94-5601EA379D64}.Release|Mixed Platforms.Build.0 = Release|Any CPU
		{EF97E080-E271-4C1C-AC94-5601EA379D64}.Release|x86.ActiveCfg = Release|Any CPU
		{D705BB26-E0FD-4470-8EA9-5B93C3BE72CF}.Debug|Any CPU.ActiveCfg = Debug|Any CPU
		{D705BB26-E0FD-4470-8EA9-5B93C3BE72CF}.Debug|Any CPU.Build.0 = Debug|Any CPU
		{D705BB26-E0FD-4470-8EA9-5B93C3BE72CF}.Debug|Mixed Platforms.ActiveCfg = Debug|Any CPU
		{D705BB26-E0FD-4470-8EA9-5B93C3BE72CF}.Debug|Mixed Platforms.Build.0 = Debug|Any CPU
		{D705BB26-E0FD-4470-8EA9-5B93C3BE72CF}.Debug|x86.ActiveCfg = Debug|Any CPU
		{D705BB26-E0FD-4470-8EA9-5B93C3BE72CF}.Release|Any CPU.ActiveCfg = Release|Any CPU
		{D705BB26-E0FD-4470-8EA9-5B93C3BE72CF}.Release|Any CPU.Build.0 = Release|Any CPU
		{D705BB26-E0FD-4470-8EA9-5B93C3BE72CF}.Release|Mixed Platforms.ActiveCfg = Release|Any CPU
		{D705BB26-E0FD-4470-8EA9-5B93C3BE72CF}.Release|Mixed Platforms.Build.0 = Release|Any CPU
		{D705BB26-E0FD-4470-8EA9-5B93C3BE72CF}.Release|x86.ActiveCfg = Release|Any CPU
		{C9411B2B-E809-4489-BC06-5712DB6BC132}.Debug|Any CPU.ActiveCfg = Debug|x86
		{C9411B2B-E809-4489-BC06-5712DB6BC132}.Debug|Mixed Platforms.ActiveCfg = Debug|x86
		{C9411B2B-E809-4489-BC06-5712DB6BC132}.Debug|Mixed Platforms.Build.0 = Debug|x86
		{C9411B2B-E809-4489-BC06-5712DB6BC132}.Debug|x86.ActiveCfg = Debug|x86
		{C9411B2B-E809-4489-BC06-5712DB6BC132}.Debug|x86.Build.0 = Debug|x86
		{C9411B2B-E809-4489-BC06-5712DB6BC132}.Release|Any CPU.ActiveCfg = Release|x86
		{C9411B2B-E809-4489-BC06-5712DB6BC132}.Release|Mixed Platforms.ActiveCfg = Release|x86
		{C9411B2B-E809-4489-BC06-5712DB6BC132}.Release|Mixed Platforms.Build.0 = Release|x86
		{C9411B2B-E809-4489-BC06-5712DB6BC132}.Release|x86.ActiveCfg = Release|x86
		{C9411B2B-E809-4489-BC06-5712DB6BC132}.Release|x86.Build.0 = Release|x86
		{1435FA32-819C-4C77-AC3E-3368C6B6D298}.Debug|Any CPU.ActiveCfg = Debug|Any CPU
		{1435FA32-819C-4C77-AC3E-3368C6B6D298}.Debug|Any CPU.Build.0 = Debug|Any CPU
		{1435FA32-819C-4C77-AC3E-3368C6B6D298}.Debug|Mixed Platforms.ActiveCfg = Debug|Any CPU
		{1435FA32-819C-4C77-AC3E-3368C6B6D298}.Debug|x86.ActiveCfg = Debug|Any CPU
		{1435FA32-819C-4C77-AC3E-3368C6B6D298}.Release|Any CPU.ActiveCfg = Release|Any CPU
		{1435FA32-819C-4C77-AC3E-3368C6B6D298}.Release|Any CPU.Build.0 = Release|Any CPU
		{1435FA32-819C-4C77-AC3E-3368C6B6D298}.Release|Mixed Platforms.ActiveCfg = Release|Any CPU
		{1435FA32-819C-4C77-AC3E-3368C6B6D298}.Release|Mixed Platforms.Build.0 = Release|Any CPU
		{1435FA32-819C-4C77-AC3E-3368C6B6D298}.Release|x86.ActiveCfg = Release|Any CPU
		{F44169B0-9CA9-47DB-BD1E-1EDC5E21E2BC}.Debug|Any CPU.ActiveCfg = Debug|x86
		{F44169B0-9CA9-47DB-BD1E-1EDC5E21E2BC}.Debug|Mixed Platforms.ActiveCfg = Debug|x86
		{F44169B0-9CA9-47DB-BD1E-1EDC5E21E2BC}.Debug|Mixed Platforms.Build.0 = Debug|x86
		{F44169B0-9CA9-47DB-BD1E-1EDC5E21E2BC}.Debug|x86.ActiveCfg = Debug|x86
		{F44169B0-9CA9-47DB-BD1E-1EDC5E21E2BC}.Debug|x86.Build.0 = Debug|x86
		{F44169B0-9CA9-47DB-BD1E-1EDC5E21E2BC}.Release|Any CPU.ActiveCfg = Release|x86
		{F44169B0-9CA9-47DB-BD1E-1EDC5E21E2BC}.Release|Mixed Platforms.ActiveCfg = Release|x86
		{F44169B0-9CA9-47DB-BD1E-1EDC5E21E2BC}.Release|Mixed Platforms.Build.0 = Release|x86
		{F44169B0-9CA9-47DB-BD1E-1EDC5E21E2BC}.Release|x86.ActiveCfg = Release|x86
		{F44169B0-9CA9-47DB-BD1E-1EDC5E21E2BC}.Release|x86.Build.0 = Release|x86
		{F97A1E6B-EC50-4839-AF87-C80762A57B5F}.Debug|Any CPU.ActiveCfg = Debug|x86
		{F97A1E6B-EC50-4839-AF87-C80762A57B5F}.Debug|Mixed Platforms.ActiveCfg = Debug|x86
		{F97A1E6B-EC50-4839-AF87-C80762A57B5F}.Debug|x86.ActiveCfg = Debug|x86
		{F97A1E6B-EC50-4839-AF87-C80762A57B5F}.Release|Any CPU.ActiveCfg = Release|x86
		{F97A1E6B-EC50-4839-AF87-C80762A57B5F}.Release|Mixed Platforms.ActiveCfg = Release|x86
		{F97A1E6B-EC50-4839-AF87-C80762A57B5F}.Release|x86.ActiveCfg = Release|x86
		{3DF2F108-759D-44BE-814C-F90AD33CB0FC}.Debug|Any CPU.ActiveCfg = Debug|x86
		{3DF2F108-759D-44BE-814C-F90AD33CB0FC}.Debug|Mixed Platforms.ActiveCfg = Debug|x86
		{3DF2F108-759D-44BE-814C-F90AD33CB0FC}.Debug|x86.ActiveCfg = Debug|x86
		{3DF2F108-759D-44BE-814C-F90AD33CB0FC}.Release|Any CPU.ActiveCfg = Release|x86
		{3DF2F108-759D-44BE-814C-F90AD33CB0FC}.Release|Mixed Platforms.ActiveCfg = Release|x86
		{3DF2F108-759D-44BE-814C-F90AD33CB0FC}.Release|x86.ActiveCfg = Release|x86
	EndGlobalSection
	GlobalSection(SolutionProperties) = preSolution
		HideSolutionNode = FALSE
	EndGlobalSection
EndGlobal
